
Microsoft Visual Studio Solution File, Format Version 12.00
# Visual Studio Version 17
VisualStudioVersion = 17.2.32616.157
MinimumVisualStudioVersion = 10.0.40219.1
Project("{FAE04EC0-301F-11D3-BF4B-00C04F79EFBC}") = "problema", "problema\problema.csproj", "{2B6B4477-863B-45F2-87AD-94C510A07F65}"
EndProject
Global
	GlobalSection(SolutionConfigurationPlatforms) = preSolution
		Debug|Any CPU = Debug|Any CPU
		Release|Any CPU = Release|Any CPU
	EndGlobalSection
	GlobalSection(ProjectConfigurationPlatforms) = postSolution
		{2B6B4477-863B-45F2-87AD-94C510A07F65}.Debug|Any CPU.ActiveCfg = Debug|Any CPU
		{2B6B4477-863B-45F2-87AD-94C510A07F65}.Debug|Any CPU.Build.0 = Debug|Any CPU
		{2B6B4477-863B-45F2-87AD-94C510A07F65}.Release|Any CPU.ActiveCfg = Release|Any CPU
		{2B6B4477-863B-45F2-87AD-94C510A07F65}.Release|Any CPU.Build.0 = Release|Any CPU
	EndGlobalSection
	GlobalSection(SolutionProperties) = preSolution
		HideSolutionNode = FALSE
	EndGlobalSection
	GlobalSection(ExtensibilityGlobals) = postSolution
		SolutionGuid = {1F054011-865B-4FB9-98EA-BB422F1623BC}
	EndGlobalSection
EndGlobal
